
Microsoft Visual Studio Solution File, Format Version 12.00
# Visual Studio Version 17
VisualStudioVersion = 17.14.36109.1
MinimumVisualStudioVersion = 10.0.40219.1
Project("{FAE04EC0-301F-11D3-BF4B-00C04F79EFBC}") = "GestionAdministrativaBarracas.UI", "GestionAdministrativaBarracas.UI.csproj", "{5DFC0480-35B5-4C94-B185-9D6DD3D7EACD}"
	ProjectSection(ProjectDependencies) = postProject
		{167F37F8-CA04-4B42-8D98-89E3589F2CCC} = {167F37F8-CA04-4B42-8D98-89E3589F2CCC}
		{8F9B6EEB-1A58-48A1-8EE9-D34ACA869B40} = {8F9B6EEB-1A58-48A1-8EE9-D34ACA869B40}
	EndProjectSection
EndProject
Project("{FAE04EC0-301F-11D3-BF4B-00C04F79EFBC}") = "GestionAdministrativaBarracas.Dominio", "..\GestionAdministrativaBarracas.Dominio\GestionAdministrativaBarracas.Dominio.csproj", "{8F9B6EEB-1A58-48A1-8EE9-D34ACA869B40}"
EndProject
Project("{FAE04EC0-301F-11D3-BF4B-00C04F79EFBC}") = "GestionAdministrativaBarracas.Tests", "..\GestionAdministrativaBarracas.Tests\GestionAdministrativaBarracas.Tests.csproj", "{11C90A64-3B00-4BF3-8D0D-7311C30A0A78}"
EndProject
Project("{FAE04EC0-301F-11D3-BF4B-00C04F79EFBC}") = "GestionAdministrativaBarracas.Infrastructure", "..\GestionAdministrativaBarracas.Infrastructure\GestionAdministrativaBarracas.Infrastructure.csproj", "{167F37F8-CA04-4B42-8D98-89E3589F2CCC}"
EndProject
Global
	GlobalSection(SolutionConfigurationPlatforms) = preSolution
		Debug|Any CPU = Debug|Any CPU
		Release|Any CPU = Release|Any CPU
	EndGlobalSection
	GlobalSection(ProjectConfigurationPlatforms) = postSolution
		{5DFC0480-35B5-4C94-B185-9D6DD3D7EACD}.Debug|Any CPU.ActiveCfg = Debug|Any CPU
		{5DFC0480-35B5-4C94-B185-9D6DD3D7EACD}.Debug|Any CPU.Build.0 = Debug|Any CPU
		{5DFC0480-35B5-4C94-B185-9D6DD3D7EACD}.Release|Any CPU.ActiveCfg = Release|Any CPU
		{5DFC0480-35B5-4C94-B185-9D6DD3D7EACD}.Release|Any CPU.Build.0 = Release|Any CPU
		{8F9B6EEB-1A58-48A1-8EE9-D34ACA869B40}.Debug|Any CPU.ActiveCfg = Debug|Any CPU
		{8F9B6EEB-1A58-48A1-8EE9-D34ACA869B40}.Debug|Any CPU.Build.0 = Debug|Any CPU
		{8F9B6EEB-1A58-48A1-8EE9-D34ACA869B40}.Release|Any CPU.ActiveCfg = Release|Any CPU
		{8F9B6EEB-1A58-48A1-8EE9-D34ACA869B40}.Release|Any CPU.Build.0 = Release|Any CPU
		{11C90A64-3B00-4BF3-8D0D-7311C30A0A78}.Debug|Any CPU.ActiveCfg = Debug|Any CPU
		{11C90A64-3B00-4BF3-8D0D-7311C30A0A78}.Debug|Any CPU.Build.0 = Debug|Any CPU
		{11C90A64-3B00-4BF3-8D0D-7311C30A0A78}.Release|Any CPU.ActiveCfg = Release|Any CPU
		{11C90A64-3B00-4BF3-8D0D-7311C30A0A78}.Release|Any CPU.Build.0 = Release|Any CPU
		{167F37F8-CA04-4B42-8D98-89E3589F2CCC}.Debug|Any CPU.ActiveCfg = Debug|Any CPU
		{167F37F8-CA04-4B42-8D98-89E3589F2CCC}.Debug|Any CPU.Build.0 = Debug|Any CPU
		{167F37F8-CA04-4B42-8D98-89E3589F2CCC}.Release|Any CPU.ActiveCfg = Release|Any CPU
		{167F37F8-CA04-4B42-8D98-89E3589F2CCC}.Release|Any CPU.Build.0 = Release|Any CPU
	EndGlobalSection
	GlobalSection(SolutionProperties) = preSolution
		HideSolutionNode = FALSE
	EndGlobalSection
	GlobalSection(ExtensibilityGlobals) = postSolution
		SolutionGuid = {525D78AB-A940-477D-9B27-2C7FB4017A79}
	EndGlobalSection
EndGlobal
